
Microsoft Visual Studio Solution File, Format Version 12.00
# Visual Studio 15
VisualStudioVersion = 15.0.28307.421
MinimumVisualStudioVersion = 10.0.40219.1
Project("{FAE04EC0-301F-11D3-BF4B-00C04F79EFBC}") = "ProjetoAplicadoIV", "ProjetoAplicadoIV\ProjetoAplicadoIV.csproj", "{A0974FE5-0F5F-4FD2-9F0B-3EBE141A2D10}"
EndProject
Global
	GlobalSection(SolutionConfigurationPlatforms) = preSolution
		Debug|Any CPU = Debug|Any CPU
		Release|Any CPU = Release|Any CPU
	EndGlobalSection
	GlobalSection(ProjectConfigurationPlatforms) = postSolution
		{A0974FE5-0F5F-4FD2-9F0B-3EBE141A2D10}.Debug|Any CPU.ActiveCfg = Debug|Any CPU
		{A0974FE5-0F5F-4FD2-9F0B-3EBE141A2D10}.Debug|Any CPU.Build.0 = Debug|Any CPU
		{A0974FE5-0F5F-4FD2-9F0B-3EBE141A2D10}.Release|Any CPU.ActiveCfg = Release|Any CPU
		{A0974FE5-0F5F-4FD2-9F0B-3EBE141A2D10}.Release|Any CPU.Build.0 = Release|Any CPU
	EndGlobalSection
	GlobalSection(SolutionProperties) = preSolution
		HideSolutionNode = FALSE
	EndGlobalSection
	GlobalSection(ExtensibilityGlobals) = postSolution
		SolutionGuid = {611997D7-5B97-489E-9E9C-516A0DF9E1E4}
	EndGlobalSection
EndGlobal
